
Microsoft Visual Studio Solution File, Format Version 12.00
# Visual Studio 15
VisualStudioVersion = 15.0.28307.106
MinimumVisualStudioVersion = 10.0.40219.1
Project("{FAE04EC0-301F-11D3-BF4B-00C04F79EFBC}") = "snake", "snake\snake.csproj", "{8DEE6A04-E11C-47C3-8DF1-9ADC1E97C674}"
EndProject
Global
	GlobalSection(SolutionConfigurationPlatforms) = preSolution
		Debug|Any CPU = Debug|Any CPU
		Release|Any CPU = Release|Any CPU
	EndGlobalSection
	GlobalSection(ProjectConfigurationPlatforms) = postSolution
		{8DEE6A04-E11C-47C3-8DF1-9ADC1E97C674}.Debug|Any CPU.ActiveCfg = Debug|Any CPU
		{8DEE6A04-E11C-47C3-8DF1-9ADC1E97C674}.Debug|Any CPU.Build.0 = Debug|Any CPU
		{8DEE6A04-E11C-47C3-8DF1-9ADC1E97C674}.Release|Any CPU.ActiveCfg = Release|Any CPU
		{8DEE6A04-E11C-47C3-8DF1-9ADC1E97C674}.Release|Any CPU.Build.0 = Release|Any CPU
	EndGlobalSection
	GlobalSection(SolutionProperties) = preSolution
		HideSolutionNode = FALSE
	EndGlobalSection
	GlobalSection(ExtensibilityGlobals) = postSolution
		SolutionGuid = {6B517C0E-5380-4CBD-BCE4-7BBCE06DBA42}
	EndGlobalSection
EndGlobal
